{
  "name": "corvusre",
  "lockfileVersion": 3,
  "requires": true,
  "packages": {
    "": {
      "name": "corvusre",
      "workspaces": [
        "apps/*"
      ]
    },
    "apps/dp": {
      "name": "corvusdp"
    },
    "apps/identity": {
      "name": "corvus-identity"
    },
    "apps/pt": {
      "name": "corvuspt"
    },
    "node_modules/corvus-identity": {
      "resolved": "apps/identity",
      "link": true
    },
    "node_modules/corvusdp": {
      "resolved": "apps/dp",
      "link": true
    },
    "node_modules/corvuspt": {
      "resolved": "apps/pt",
      "link": true
    }
  }
}
